github.com/aandryashin/matchers v0.0.0-20161126170413-435295ea180e h1:ogUKYFNcdYUIBSLibE4+EjbTJazoHr5JsWWx21Lpn8c=
github.com/aandryashin/matchers v0.0.0-20161126170413-435295ea180e/go.mod h1:cbmYNkm9xeQlNoWEPtOUcvNok2gSD7ErMnYkRW+eHi8=
github.com/abbot/go-http-auth v0.4.0 h1:QjmvZ5gSC7jm3Zg54DqWE/T5m1t2AfDu6QlXJT0EVT0=
github.com/abbot/go-http-auth v0.4.0/go.mod h1:Cz6ARTIzApMJDzh5bRMSUou6UMSp0IEXg9km/ci7TJM=
github.com/aerokube/util v1.0.0 h1:46fky7Wr6lf7ozksiLPEs0fM+3Z2cjeBI3FZT/3H1QQ=
github.com/aerokube/util v1.0.0/go.mod h1:0shrio3aqMNAzf2mUewcOaLKql3ijfTsPQnMUnydj40=
github.com/gorilla/websocket v1.5.0 h1:PPwGk2jz7EePpoHN/+ClbZu8SPxiqlu12wZP/3sWmnc=
github.com/gorilla/websocket v1.5.0/go.mod h1:YR8l580nyteQvAITg2hZ9XVh4b55+EU/adAjf1fMHhE=
github.com/koding/websocketproxy v0.0.0-20181220232114-7ed82d81a28c h1:N7A4JCA2G+j5fuFxCsJqjFU/sZe0mj8H0sSoSwbaikw=
github.com/koding/websocketproxy v0.0.0-20181220232114-7ed82d81a28c/go.mod h1:Nn5wlyECw3iJrzi0AhIWg+AJUb4PlRQVW4/3XHH1LZA=
github.com/rakyll/statik v0.1.7 h1:OF3QCZUuyPxuGEP7B4ypUa7sB/iHtqOTDYZXGM8KOdQ=
github.com/rakyll/statik v0.1.7/go.mod h1:AlZONWzMtEnMs7W4e/1LURLiI49pIMmp6V9Unghqrcc=
golang.org/x/crypto v0.39.0 h1:SHs+kF4LP+f+p14esP5jAoDpHU8Gu/v9lFRK6IT5imM=
golang.org/x/crypto v0.39.0/go.mod h1:L+Xg3Wf6HoL4Bn4238Z6ft6KfEpN0tJGo53AAPC632U=
golang.org/x/net v0.40.0 h1:79Xs7wF06Gbdcg4kdCCIQArK11Z1hr5POQ6+fIYHNuY=
golang.org/x/net v0.40.0/go.mod h1:y0hY0exeL2Pku80/zKK7tpntoX23cqL3Oa6njdgRtds=
